
Microsoft Visual Studio Solution File, Format Version 12.00
# Visual Studio 2015
Project("{FAE04EC0-301F-11D3-BF4B-00C04F79EFBC}") = "COMP305-F2016-FrostyFight.CSharp", "COMP305-F2016-FrostyFight.CSharp.csproj", "{2A8B9CD0-E44F-1310-A50D-F0607F1F37E5}"
EndProject
Global
	GlobalSection(SolutionConfigurationPlatforms) = preSolution
		Debug|Any CPU = Debug|Any CPU
		Release|Any CPU = Release|Any CPU
	EndGlobalSection
	GlobalSection(ProjectConfigurationPlatforms) = postSolution
		{2A8B9CD0-E44F-1310-A50D-F0607F1F37E5}.Debug|Any CPU.ActiveCfg = Debug|Any CPU
		{2A8B9CD0-E44F-1310-A50D-F0607F1F37E5}.Debug|Any CPU.Build.0 = Debug|Any CPU
		{2A8B9CD0-E44F-1310-A50D-F0607F1F37E5}.Release|Any CPU.ActiveCfg = Release|Any CPU
		{2A8B9CD0-E44F-1310-A50D-F0607F1F37E5}.Release|Any CPU.Build.0 = Release|Any CPU
	EndGlobalSection
	GlobalSection(SolutionProperties) = preSolution
		HideSolutionNode = FALSE
	EndGlobalSection
EndGlobal
